
Microsoft Visual Studio Solution File, Format Version 12.00
# Visual Studio Version 16
VisualStudioVersion = 16.0.31729.503
MinimumVisualStudioVersion = 10.0.40219.1
Project("{8BC9CEB8-8B4A-11D0-8D11-00A0C91BC942}") = "HW6_3_21307130365", "HW6_3_21307130365.vcxproj", "{DA7C0122-2A53-4635-882A-00C0DA2A0ACC}"
EndProject
Global
	GlobalSection(SolutionConfigurationPlatforms) = preSolution
		Debug|x64 = Debug|x64
		Debug|x86 = Debug|x86
		Release|x64 = Release|x64
		Release|x86 = Release|x86
	EndGlobalSection
	GlobalSection(ProjectConfigurationPlatforms) = postSolution
		{DA7C0122-2A53-4635-882A-00C0DA2A0ACC}.Debug|x64.ActiveCfg = Debug|x64
		{DA7C0122-2A53-4635-882A-00C0DA2A0ACC}.Debug|x64.Build.0 = Debug|x64
		{DA7C0122-2A53-4635-882A-00C0DA2A0ACC}.Debug|x86.ActiveCfg = Debug|Win32
		{DA7C0122-2A53-4635-882A-00C0DA2A0ACC}.Debug|x86.Build.0 = Debug|Win32
		{DA7C0122-2A53-4635-882A-00C0DA2A0ACC}.Release|x64.ActiveCfg = Release|x64
		{DA7C0122-2A53-4635-882A-00C0DA2A0ACC}.Release|x64.Build.0 = Release|x64
		{DA7C0122-2A53-4635-882A-00C0DA2A0ACC}.Release|x86.ActiveCfg = Release|Win32
		{DA7C0122-2A53-4635-882A-00C0DA2A0ACC}.Release|x86.Build.0 = Release|Win32
	EndGlobalSection
	GlobalSection(SolutionProperties) = preSolution
		HideSolutionNode = FALSE
	EndGlobalSection
	GlobalSection(ExtensibilityGlobals) = postSolution
		SolutionGuid = {93403EEB-4EE9-4888-88B4-AF0B21A7E51B}
	EndGlobalSection
EndGlobal
