
Microsoft Visual Studio Solution File, Format Version 12.00
# Visual Studio Version 16
VisualStudioVersion = 16.0.31829.152
MinimumVisualStudioVersion = 10.0.40219.1
Project("{8BC9CEB8-8B4A-11D0-8D11-00A0C91BC942}") = "HW11_2_21307130365", "HW11_2_21307130365.vcxproj", "{A382A4A4-A906-42A6-AF30-938AA2170AB2}"
EndProject
Global
	GlobalSection(SolutionConfigurationPlatforms) = preSolution
		Debug|x64 = Debug|x64
		Debug|x86 = Debug|x86
		Release|x64 = Release|x64
		Release|x86 = Release|x86
	EndGlobalSection
	GlobalSection(ProjectConfigurationPlatforms) = postSolution
		{A382A4A4-A906-42A6-AF30-938AA2170AB2}.Debug|x64.ActiveCfg = Debug|x64
		{A382A4A4-A906-42A6-AF30-938AA2170AB2}.Debug|x64.Build.0 = Debug|x64
		{A382A4A4-A906-42A6-AF30-938AA2170AB2}.Debug|x86.ActiveCfg = Debug|Win32
		{A382A4A4-A906-42A6-AF30-938AA2170AB2}.Debug|x86.Build.0 = Debug|Win32
		{A382A4A4-A906-42A6-AF30-938AA2170AB2}.Release|x64.ActiveCfg = Release|x64
		{A382A4A4-A906-42A6-AF30-938AA2170AB2}.Release|x64.Build.0 = Release|x64
		{A382A4A4-A906-42A6-AF30-938AA2170AB2}.Release|x86.ActiveCfg = Release|Win32
		{A382A4A4-A906-42A6-AF30-938AA2170AB2}.Release|x86.Build.0 = Release|Win32
	EndGlobalSection
	GlobalSection(SolutionProperties) = preSolution
		HideSolutionNode = FALSE
	EndGlobalSection
	GlobalSection(ExtensibilityGlobals) = postSolution
		SolutionGuid = {9368B9ED-AD9A-42A2-9ABE-69DF4387B4A5}
	EndGlobalSection
EndGlobal
