
Microsoft Visual Studio Solution File, Format Version 12.00
# Visual Studio Version 16
VisualStudioVersion = 16.0.31729.503
MinimumVisualStudioVersion = 10.0.40219.1
Project("{8BC9CEB8-8B4A-11D0-8D11-00A0C91BC942}") = "HW6_1_21307130365", "HW6_1_21307130365.vcxproj", "{255ACA50-1CDB-41F3-9492-4594FAE0AF88}"
EndProject
Global
	GlobalSection(SolutionConfigurationPlatforms) = preSolution
		Debug|x64 = Debug|x64
		Debug|x86 = Debug|x86
		Release|x64 = Release|x64
		Release|x86 = Release|x86
	EndGlobalSection
	GlobalSection(ProjectConfigurationPlatforms) = postSolution
		{255ACA50-1CDB-41F3-9492-4594FAE0AF88}.Debug|x64.ActiveCfg = Debug|x64
		{255ACA50-1CDB-41F3-9492-4594FAE0AF88}.Debug|x64.Build.0 = Debug|x64
		{255ACA50-1CDB-41F3-9492-4594FAE0AF88}.Debug|x86.ActiveCfg = Debug|Win32
		{255ACA50-1CDB-41F3-9492-4594FAE0AF88}.Debug|x86.Build.0 = Debug|Win32
		{255ACA50-1CDB-41F3-9492-4594FAE0AF88}.Release|x64.ActiveCfg = Release|x64
		{255ACA50-1CDB-41F3-9492-4594FAE0AF88}.Release|x64.Build.0 = Release|x64
		{255ACA50-1CDB-41F3-9492-4594FAE0AF88}.Release|x86.ActiveCfg = Release|Win32
		{255ACA50-1CDB-41F3-9492-4594FAE0AF88}.Release|x86.Build.0 = Release|Win32
	EndGlobalSection
	GlobalSection(SolutionProperties) = preSolution
		HideSolutionNode = FALSE
	EndGlobalSection
	GlobalSection(ExtensibilityGlobals) = postSolution
		SolutionGuid = {516DBBEC-BA6E-4E9B-9CEF-195D8A0EA941}
	EndGlobalSection
EndGlobal
