
Microsoft Visual Studio Solution File, Format Version 12.00
# Visual Studio Version 16
VisualStudioVersion = 16.0.31829.152
MinimumVisualStudioVersion = 10.0.40219.1
Project("{8BC9CEB8-8B4A-11D0-8D11-00A0C91BC942}") = "HW10_3_21307130365", "HW10_3_21307130365.vcxproj", "{948B024E-E3DD-428A-87F8-D884CAAD9165}"
EndProject
Global
	GlobalSection(SolutionConfigurationPlatforms) = preSolution
		Debug|x64 = Debug|x64
		Debug|x86 = Debug|x86
		Release|x64 = Release|x64
		Release|x86 = Release|x86
	EndGlobalSection
	GlobalSection(ProjectConfigurationPlatforms) = postSolution
		{948B024E-E3DD-428A-87F8-D884CAAD9165}.Debug|x64.ActiveCfg = Debug|x64
		{948B024E-E3DD-428A-87F8-D884CAAD9165}.Debug|x64.Build.0 = Debug|x64
		{948B024E-E3DD-428A-87F8-D884CAAD9165}.Debug|x86.ActiveCfg = Debug|Win32
		{948B024E-E3DD-428A-87F8-D884CAAD9165}.Debug|x86.Build.0 = Debug|Win32
		{948B024E-E3DD-428A-87F8-D884CAAD9165}.Release|x64.ActiveCfg = Release|x64
		{948B024E-E3DD-428A-87F8-D884CAAD9165}.Release|x64.Build.0 = Release|x64
		{948B024E-E3DD-428A-87F8-D884CAAD9165}.Release|x86.ActiveCfg = Release|Win32
		{948B024E-E3DD-428A-87F8-D884CAAD9165}.Release|x86.Build.0 = Release|Win32
	EndGlobalSection
	GlobalSection(SolutionProperties) = preSolution
		HideSolutionNode = FALSE
	EndGlobalSection
	GlobalSection(ExtensibilityGlobals) = postSolution
		SolutionGuid = {22529E04-FA34-4A75-A84A-62411FD655E4}
	EndGlobalSection
EndGlobal
