
Microsoft Visual Studio Solution File, Format Version 12.00
# Visual Studio Version 17
VisualStudioVersion = 17.0.32014.148
MinimumVisualStudioVersion = 10.0.40219.1
Project("{8BC9CEB8-8B4A-11D0-8D11-00A0C91BC942}") = "HW2_1_21307130365", "HW2_1_21307130365.vcxproj", "{B82E1041-DBED-46EC-9E3A-CD2E711E6E78}"
EndProject
Global
	GlobalSection(SolutionConfigurationPlatforms) = preSolution
		Debug|x64 = Debug|x64
		Debug|x86 = Debug|x86
		Release|x64 = Release|x64
		Release|x86 = Release|x86
	EndGlobalSection
	GlobalSection(ProjectConfigurationPlatforms) = postSolution
		{B82E1041-DBED-46EC-9E3A-CD2E711E6E78}.Debug|x64.ActiveCfg = Debug|x64
		{B82E1041-DBED-46EC-9E3A-CD2E711E6E78}.Debug|x64.Build.0 = Debug|x64
		{B82E1041-DBED-46EC-9E3A-CD2E711E6E78}.Debug|x86.ActiveCfg = Debug|Win32
		{B82E1041-DBED-46EC-9E3A-CD2E711E6E78}.Debug|x86.Build.0 = Debug|Win32
		{B82E1041-DBED-46EC-9E3A-CD2E711E6E78}.Release|x64.ActiveCfg = Release|x64
		{B82E1041-DBED-46EC-9E3A-CD2E711E6E78}.Release|x64.Build.0 = Release|x64
		{B82E1041-DBED-46EC-9E3A-CD2E711E6E78}.Release|x86.ActiveCfg = Release|Win32
		{B82E1041-DBED-46EC-9E3A-CD2E711E6E78}.Release|x86.Build.0 = Release|Win32
	EndGlobalSection
	GlobalSection(SolutionProperties) = preSolution
		HideSolutionNode = FALSE
	EndGlobalSection
	GlobalSection(ExtensibilityGlobals) = postSolution
		SolutionGuid = {2D81D810-E53C-47F7-B18E-861ADC47CA0D}
	EndGlobalSection
EndGlobal
